// !$*UTF8*$!
{
	archiveVersion = 1;
	classes = {
	};
	objectVersion = 52;
	objects = {

/* Begin PBXBuildFile section */
		8E20DABE256F13B600AB8935 /* AppDelegate.swift in Sources */ = {isa = PBXBuildFile; fileRef = 8E20DABD256F13B600AB8935 /* AppDelegate.swift */; };
		8E20DAC0256F13B600AB8935 /* SceneDelegate.swift in Sources */ = {isa = PBXBuildFile; fileRef = 8E20DABF256F13B600AB8935 /* SceneDelegate.swift */; };
		8E20DAC7256F13B800AB8935 /* Assets.xcassets in Resources */ = {isa = PBXBuildFile; fileRef = 8E20DAC6256F13B800AB8935 /* Assets.xcassets */; };
		8E20DACA256F13B800AB8935 /* LaunchScreen.storyboard in Resources */ = {isa = PBXBuildFile; fileRef = 8E20DAC8256F13B800AB8935 /* LaunchScreen.storyboard */; };
		8E20DADE256F13EE00AB8935 /* FeedItem.swift in Sources */ = {isa = PBXBuildFile; fileRef = 8E20DAD2256F13EE00AB8935 /* FeedItem.swift */; };
		8E20DADF256F13EE00AB8935 /* FeedApiRouter.swift in Sources */ = {isa = PBXBuildFile; fileRef = 8E20DAD5256F13EE00AB8935 /* FeedApiRouter.swift */; };
		8E20DAE0256F13EE00AB8935 /* ApiClient.swift in Sources */ = {isa = PBXBuildFile; fileRef = 8E20DAD7256F13EE00AB8935 /* ApiClient.swift */; };
		8E20DAE1256F13EE00AB8935 /* FeedClient.swift in Sources */ = {isa = PBXBuildFile; fileRef = 8E20DAD8256F13EE00AB8935 /* FeedClient.swift */; };
		8E20DAE2256F13EE00AB8935 /* ApiConstants.swift in Sources */ = {isa = PBXBuildFile; fileRef = 8E20DAD9256F13EE00AB8935 /* ApiConstants.swift */; };
		8E20DAE3256F13EE00AB8935 /* ApiConfiguration.swift in Sources */ = {isa = PBXBuildFile; fileRef = 8E20DADB256F13EE00AB8935 /* ApiConfiguration.swift */; };
		8E20DAE4256F13EE00AB8935 /* XMLDecoder+DataDecoder.swift in Sources */ = {isa = PBXBuildFile; fileRef = 8E20DADD256F13EE00AB8935 /* XMLDecoder+DataDecoder.swift */; };
		8E20DAE8256F14BB00AB8935 /* Alamofire in Frameworks */ = {isa = PBXBuildFile; productRef = 8E20DAE7256F14BB00AB8935 /* Alamofire */; };
		8E20DAEC256F153D00AB8935 /* XMLCoder in Frameworks */ = {isa = PBXBuildFile; productRef = 8E20DAEB256F153D00AB8935 /* XMLCoder */; };
		8E20DAF425702C6900AB8935 /* FeedListView.swift in Sources */ = {isa = PBXBuildFile; fileRef = 8E20DAF325702C6900AB8935 /* FeedListView.swift */; };
		8E20DAF825702C7A00AB8935 /* FeedListViewModel.swift in Sources */ = {isa = PBXBuildFile; fileRef = 8E20DAF725702C7A00AB8935 /* FeedListViewModel.swift */; };
		8E20DAFB25702C9200AB8935 /* FeedListViewController.swift in Sources */ = {isa = PBXBuildFile; fileRef = 8E20DAFA25702C9200AB8935 /* FeedListViewController.swift */; };
		8E20DB052570375000AB8935 /* SnapKit in Frameworks */ = {isa = PBXBuildFile; productRef = 8E20DB042570375000AB8935 /* SnapKit */; };
		8EC181E22572887A00DA68DE /* DetailsVIewController.swift in Sources */ = {isa = PBXBuildFile; fileRef = 8EC181E12572887A00DA68DE /* DetailsVIewController.swift */; };
		8EC181E52572895400DA68DE /* FeedDetailsView.swift in Sources */ = {isa = PBXBuildFile; fileRef = 8EC181E42572895400DA68DE /* FeedDetailsView.swift */; };
		8EF63B6F257258F40093AC5C /* FeedListController.swift in Sources */ = {isa = PBXBuildFile; fileRef = 8EF63B6E257258F40093AC5C /* FeedListController.swift */; };
		8EF63B7225725B930093AC5C /* NSObject+className.swift in Sources */ = {isa = PBXBuildFile; fileRef = 8EF63B7125725B930093AC5C /* NSObject+className.swift */; };
		8EF63B75257263510093AC5C /* FeedListCell.swift in Sources */ = {isa = PBXBuildFile; fileRef = 8EF63B74257263510093AC5C /* FeedListCell.swift */; };
/* End PBXBuildFile section */

/* Begin PBXFileReference section */
		8E20DABA256F13B600AB8935 /* AppleFeed.app */ = {isa = PBXFileReference; explicitFileType = wrapper.application; includeInIndex = 0; path = AppleFeed.app; sourceTree = BUILT_PRODUCTS_DIR; };
		8E20DABD256F13B600AB8935 /* AppDelegate.swift */ = {isa = PBXFileReference; lastKnownFileType = sourcecode.swift; path = AppDelegate.swift; sourceTree = "<group>"; };
		8E20DABF256F13B600AB8935 /* SceneDelegate.swift */ = {isa = PBXFileReference; lastKnownFileType = sourcecode.swift; path = SceneDelegate.swift; sourceTree = "<group>"; };
		8E20DAC6256F13B800AB8935 /* Assets.xcassets */ = {isa = PBXFileReference; lastKnownFileType = folder.assetcatalog; path = Assets.xcassets; sourceTree = "<group>"; };
		8E20DAC9256F13B800AB8935 /* Base */ = {isa = PBXFileReference; lastKnownFileType = file.storyboard; name = Base; path = Base.lproj/LaunchScreen.storyboard; sourceTree = "<group>"; };
		8E20DACB256F13B800AB8935 /* Info.plist */ = {isa = PBXFileReference; lastKnownFileType = text.plist.xml; path = Info.plist; sourceTree = "<group>"; };
		8E20DAD2256F13EE00AB8935 /* FeedItem.swift */ = {isa = PBXFileReference; fileEncoding = 4; lastKnownFileType = sourcecode.swift; path = FeedItem.swift; sourceTree = "<group>"; };
		8E20DAD5256F13EE00AB8935 /* FeedApiRouter.swift */ = {isa = PBXFileReference; fileEncoding = 4; lastKnownFileType = sourcecode.swift; path = FeedApiRouter.swift; sourceTree = "<group>"; };
		8E20DAD7256F13EE00AB8935 /* ApiClient.swift */ = {isa = PBXFileReference; fileEncoding = 4; lastKnownFileType = sourcecode.swift; path = ApiClient.swift; sourceTree = "<group>"; };
		8E20DAD8256F13EE00AB8935 /* FeedClient.swift */ = {isa = PBXFileReference; fileEncoding = 4; lastKnownFileType = sourcecode.swift; path = FeedClient.swift; sourceTree = "<group>"; };
		8E20DAD9256F13EE00AB8935 /* ApiConstants.swift */ = {isa = PBXFileReference; fileEncoding = 4; lastKnownFileType = sourcecode.swift; path = ApiConstants.swift; sourceTree = "<group>"; };
		8E20DADB256F13EE00AB8935 /* ApiConfiguration.swift */ = {isa = PBXFileReference; fileEncoding = 4; lastKnownFileType = sourcecode.swift; path = ApiConfiguration.swift; sourceTree = "<group>"; };
		8E20DADD256F13EE00AB8935 /* XMLDecoder+DataDecoder.swift */ = {isa = PBXFileReference; fileEncoding = 4; lastKnownFileType = sourcecode.swift; path = "XMLDecoder+DataDecoder.swift"; sourceTree = "<group>"; };
		8E20DAF325702C6900AB8935 /* FeedListView.swift */ = {isa = PBXFileReference; lastKnownFileType = sourcecode.swift; path = FeedListView.swift; sourceTree = "<group>"; };
		8E20DAF725702C7A00AB8935 /* FeedListViewModel.swift */ = {isa = PBXFileReference; lastKnownFileType = sourcecode.swift; path = FeedListViewModel.swift; sourceTree = "<group>"; };
		8E20DAFA25702C9200AB8935 /* FeedListViewController.swift */ = {isa = PBXFileReference; lastKnownFileType = sourcecode.swift; path = FeedListViewController.swift; sourceTree = "<group>"; };
		8EC181E12572887A00DA68DE /* DetailsVIewController.swift */ = {isa = PBXFileReference; lastKnownFileType = sourcecode.swift; path = DetailsVIewController.swift; sourceTree = "<group>"; };
		8EC181E42572895400DA68DE /* FeedDetailsView.swift */ = {isa = PBXFileReference; lastKnownFileType = sourcecode.swift; path = FeedDetailsView.swift; sourceTree = "<group>"; };
		8EF63B6E257258F40093AC5C /* FeedListController.swift */ = {isa = PBXFileReference; lastKnownFileType = sourcecode.swift; path = FeedListController.swift; sourceTree = "<group>"; };
		8EF63B7125725B930093AC5C /* NSObject+className.swift */ = {isa = PBXFileReference; lastKnownFileType = sourcecode.swift; path = "NSObject+className.swift"; sourceTree = "<group>"; };
		8EF63B74257263510093AC5C /* FeedListCell.swift */ = {isa = PBXFileReference; lastKnownFileType = sourcecode.swift; path = FeedListCell.swift; sourceTree = "<group>"; };
/* End PBXFileReference section */

/* Begin PBXFrameworksBuildPhase section */
		8E20DAB7256F13B600AB8935 /* Frameworks */ = {
			isa = PBXFrameworksBuildPhase;
			buildActionMask = 2147483647;
			files = (
				8E20DB052570375000AB8935 /* SnapKit in Frameworks */,
				8E20DAEC256F153D00AB8935 /* XMLCoder in Frameworks */,
				8E20DAE8256F14BB00AB8935 /* Alamofire in Frameworks */,
			);
			runOnlyForDeploymentPostprocessing = 0;
		};
/* End PBXFrameworksBuildPhase section */

/* Begin PBXGroup section */
		8E20DAB1256F13B600AB8935 = {
			isa = PBXGroup;
			children = (
				8E20DABC256F13B600AB8935 /* AppleFeed */,
				8E20DABB256F13B600AB8935 /* Products */,
			);
			sourceTree = "<group>";
		};
		8E20DABB256F13B600AB8935 /* Products */ = {
			isa = PBXGroup;
			children = (
				8E20DABA256F13B600AB8935 /* AppleFeed.app */,
			);
			name = Products;
			sourceTree = "<group>";
		};
		8E20DABC256F13B600AB8935 /* AppleFeed */ = {
			isa = PBXGroup;
			children = (
				8E20DAEE257029A200AB8935 /* App */,
				8E20DAD3256F13EE00AB8935 /* API */,
				8E20DADC256F13EE00AB8935 /* Extensions */,
				8E20DAF0257029B600AB8935 /* Modules */,
				8E20DAC6256F13B800AB8935 /* Assets.xcassets */,
				8E20DAC8256F13B800AB8935 /* LaunchScreen.storyboard */,
				8E20DACB256F13B800AB8935 /* Info.plist */,
			);
			path = AppleFeed;
			sourceTree = "<group>";
		};
		8E20DAD3256F13EE00AB8935 /* API */ = {
			isa = PBXGroup;
			children = (
				8E20DAD4256F13EE00AB8935 /* Routers */,
				8E20DAD6256F13EE00AB8935 /* Clients */,
				8E20DADA256F13EE00AB8935 /* Protocols */,
				8E20DAD9256F13EE00AB8935 /* ApiConstants.swift */,
			);
			path = API;
			sourceTree = "<group>";
		};
		8E20DAD4256F13EE00AB8935 /* Routers */ = {
			isa = PBXGroup;
			children = (
				8E20DAD5256F13EE00AB8935 /* FeedApiRouter.swift */,
			);
			path = Routers;
			sourceTree = "<group>";
		};
		8E20DAD6256F13EE00AB8935 /* Clients */ = {
			isa = PBXGroup;
			children = (
				8E20DAD7256F13EE00AB8935 /* ApiClient.swift */,
				8E20DAD8256F13EE00AB8935 /* FeedClient.swift */,
			);
			path = Clients;
			sourceTree = "<group>";
		};
		8E20DADA256F13EE00AB8935 /* Protocols */ = {
			isa = PBXGroup;
			children = (
				8E20DADB256F13EE00AB8935 /* ApiConfiguration.swift */,
			);
			path = Protocols;
			sourceTree = "<group>";
		};
		8E20DADC256F13EE00AB8935 /* Extensions */ = {
			isa = PBXGroup;
			children = (
				8E20DADD256F13EE00AB8935 /* XMLDecoder+DataDecoder.swift */,
				8EF63B7125725B930093AC5C /* NSObject+className.swift */,
			);
			path = Extensions;
			sourceTree = "<group>";
		};
		8E20DAEE257029A200AB8935 /* App */ = {
			isa = PBXGroup;
			children = (
				8E20DABD256F13B600AB8935 /* AppDelegate.swift */,
				8E20DABF256F13B600AB8935 /* SceneDelegate.swift */,
			);
			path = App;
			sourceTree = "<group>";
		};
		8E20DAF0257029B600AB8935 /* Modules */ = {
			isa = PBXGroup;
			children = (
				8E20DAF2257029D400AB8935 /* FeedDetailsModule */,
				8E20DAF1257029C200AB8935 /* FeedListModule */,
			);
			path = Modules;
			sourceTree = "<group>";
		};
		8E20DAF1257029C200AB8935 /* FeedListModule */ = {
			isa = PBXGroup;
			children = (
				8E20DAD2256F13EE00AB8935 /* FeedItem.swift */,
				8E20DAF325702C6900AB8935 /* FeedListView.swift */,
				8E20DAF725702C7A00AB8935 /* FeedListViewModel.swift */,
				8E20DAFA25702C9200AB8935 /* FeedListViewController.swift */,
				8EF63B6E257258F40093AC5C /* FeedListController.swift */,
				8EF63B74257263510093AC5C /* FeedListCell.swift */,
			);
			path = FeedListModule;
			sourceTree = "<group>";
		};
		8E20DAF2257029D400AB8935 /* FeedDetailsModule */ = {
			isa = PBXGroup;
			children = (
				8EC181E12572887A00DA68DE /* DetailsVIewController.swift */,
				8EC181E42572895400DA68DE /* FeedDetailsView.swift */,
			);
			path = FeedDetailsModule;
			sourceTree = "<group>";
		};
/* End PBXGroup section */

/* Begin PBXNativeTarget section */
		8E20DAB9256F13B600AB8935 /* AppleFeed */ = {
			isa = PBXNativeTarget;
			buildConfigurationList = 8E20DACE256F13B800AB8935 /* Build configuration list for PBXNativeTarget "AppleFeed" */;
			buildPhases = (
				8E20DAB6256F13B600AB8935 /* Sources */,
				8E20DAB7256F13B600AB8935 /* Frameworks */,
				8E20DAB8256F13B600AB8935 /* Resources */,
			);
			buildRules = (
			);
			dependencies = (
			);
			name = AppleFeed;
			packageProductDependencies = (
				8E20DAE7256F14BB00AB8935 /* Alamofire */,
				8E20DAEB256F153D00AB8935 /* XMLCoder */,
				8E20DB042570375000AB8935 /* SnapKit */,
			);
			productName = AppleFeed;
			productReference = 8E20DABA256F13B600AB8935 /* AppleFeed.app */;
			productType = "com.apple.product-type.application";
		};
/* End PBXNativeTarget section */

/* Begin PBXProject section */
		8E20DAB2256F13B600AB8935 /* Project object */ = {
			isa = PBXProject;
			attributes = {
				LastSwiftUpdateCheck = 1220;
				LastUpgradeCheck = 1220;
				TargetAttributes = {
					8E20DAB9256F13B600AB8935 = {
						CreatedOnToolsVersion = 12.2;
					};
				};
			};
			buildConfigurationList = 8E20DAB5256F13B600AB8935 /* Build configuration list for PBXProject "AppleFeed" */;
			compatibilityVersion = "Xcode 9.3";
			developmentRegion = en;
			hasScannedForEncodings = 0;
			knownRegions = (
				en,
				Base,
			);
			mainGroup = 8E20DAB1256F13B600AB8935;
			packageReferences = (
				8E20DAE6256F14BB00AB8935 /* XCRemoteSwiftPackageReference "Alamofire" */,
				8E20DAEA256F153D00AB8935 /* XCRemoteSwiftPackageReference "XMLCoder" */,
				8E20DB032570375000AB8935 /* XCRemoteSwiftPackageReference "SnapKit" */,
			);
			productRefGroup = 8E20DABB256F13B600AB8935 /* Products */;
			projectDirPath = "";
			projectRoot = "";
			targets = (
				8E20DAB9256F13B600AB8935 /* AppleFeed */,
			);
		};
/* End PBXProject section */

/* Begin PBXResourcesBuildPhase section */
		8E20DAB8256F13B600AB8935 /* Resources */ = {
			isa = PBXResourcesBuildPhase;
			buildActionMask = 2147483647;
			files = (
				8E20DACA256F13B800AB8935 /* LaunchScreen.storyboard in Resources */,
				8E20DAC7256F13B800AB8935 /* Assets.xcassets in Resources */,
			);
			runOnlyForDeploymentPostprocessing = 0;
		};
/* End PBXResourcesBuildPhase section */

/* Begin PBXSourcesBuildPhase section */
		8E20DAB6256F13B600AB8935 /* Sources */ = {
			isa = PBXSourcesBuildPhase;
			buildActionMask = 2147483647;
			files = (
				8EC181E52572895400DA68DE /* FeedDetailsView.swift in Sources */,
				8E20DADE256F13EE00AB8935 /* FeedItem.swift in Sources */,
				8E20DAE3256F13EE00AB8935 /* ApiConfiguration.swift in Sources */,
				8E20DAFB25702C9200AB8935 /* FeedListViewController.swift in Sources */,
				8EF63B6F257258F40093AC5C /* FeedListController.swift in Sources */,
				8E20DABE256F13B600AB8935 /* AppDelegate.swift in Sources */,
				8E20DAF425702C6900AB8935 /* FeedListView.swift in Sources */,
				8E20DAE1256F13EE00AB8935 /* FeedClient.swift in Sources */,
				8EF63B7225725B930093AC5C /* NSObject+className.swift in Sources */,
				8E20DAE4256F13EE00AB8935 /* XMLDecoder+DataDecoder.swift in Sources */,
				8E20DAE2256F13EE00AB8935 /* ApiConstants.swift in Sources */,
				8E20DAC0256F13B600AB8935 /* SceneDelegate.swift in Sources */,
				8EC181E22572887A00DA68DE /* DetailsVIewController.swift in Sources */,
				8E20DADF256F13EE00AB8935 /* FeedApiRouter.swift in Sources */,
				8EF63B75257263510093AC5C /* FeedListCell.swift in Sources */,
				8E20DAF825702C7A00AB8935 /* FeedListViewModel.swift in Sources */,
				8E20DAE0256F13EE00AB8935 /* ApiClient.swift in Sources */,
			);
			runOnlyForDeploymentPostprocessing = 0;
		};
/* End PBXSourcesBuildPhase section */

/* Begin PBXVariantGroup section */
		8E20DAC8256F13B800AB8935 /* LaunchScreen.storyboard */ = {
			isa = PBXVariantGroup;
			children = (
				8E20DAC9256F13B800AB8935 /* Base */,
			);
			name = LaunchScreen.storyboard;
			sourceTree = "<group>";
		};
/* End PBXVariantGroup section */

/* Begin XCBuildConfiguration section */
		8E20DACC256F13B800AB8935 /* Debug */ = {
			isa = XCBuildConfiguration;
			buildSettings = {
				ALWAYS_SEARCH_USER_PATHS = NO;
				CLANG_ANALYZER_NONNULL = YES;
				CLANG_ANALYZER_NUMBER_OBJECT_CONVERSION = YES_AGGRESSIVE;
				CLANG_CXX_LANGUAGE_STANDARD = "gnu++14";
				CLANG_CXX_LIBRARY = "libc++";
				CLANG_ENABLE_MODULES = YES;
				CLANG_ENABLE_OBJC_ARC = YES;
				CLANG_ENABLE_OBJC_WEAK = YES;
				CLANG_WARN_BLOCK_CAPTURE_AUTORELEASING = YES;
				CLANG_WARN_BOOL_CONVERSION = YES;
				CLANG_WARN_COMMA = YES;
				CLANG_WARN_CONSTANT_CONVERSION = YES;
				CLANG_WARN_DEPRECATED_OBJC_IMPLEMENTATIONS = YES;
				CLANG_WARN_DIRECT_OBJC_ISA_USAGE = YES_ERROR;
				CLANG_WARN_DOCUMENTATION_COMMENTS = YES;
				CLANG_WARN_EMPTY_BODY = YES;
				CLANG_WARN_ENUM_CONVERSION = YES;
				CLANG_WARN_INFINITE_RECURSION = YES;
				CLANG_WARN_INT_CONVERSION = YES;
				CLANG_WARN_NON_LITERAL_NULL_CONVERSION = YES;
				CLANG_WARN_OBJC_IMPLICIT_RETAIN_SELF = YES;
				CLANG_WARN_OBJC_LITERAL_CONVERSION = YES;
				CLANG_WARN_OBJC_ROOT_CLASS = YES_ERROR;
				CLANG_WARN_QUOTED_INCLUDE_IN_FRAMEWORK_HEADER = YES;
				CLANG_WARN_RANGE_LOOP_ANALYSIS = YES;
				CLANG_WARN_STRICT_PROTOTYPES = YES;
				CLANG_WARN_SUSPICIOUS_MOVE = YES;
				CLANG_WARN_UNGUARDED_AVAILABILITY = YES_AGGRESSIVE;
				CLANG_WARN_UNREACHABLE_CODE = YES;
				CLANG_WARN__DUPLICATE_METHOD_MATCH = YES;
				COPY_PHASE_STRIP = NO;
				DEBUG_INFORMATION_FORMAT = dwarf;
				ENABLE_STRICT_OBJC_MSGSEND = YES;
				ENABLE_TESTABILITY = YES;
				GCC_C_LANGUAGE_STANDARD = gnu11;
				GCC_DYNAMIC_NO_PIC = NO;
				GCC_NO_COMMON_BLOCKS = YES;
				GCC_OPTIMIZATION_LEVEL = 0;
				GCC_PREPROCESSOR_DEFINITIONS = (
					"DEBUG=1",
					"$(inherited)",
				);
				GCC_WARN_64_TO_32_BIT_CONVERSION = YES;
				GCC_WARN_ABOUT_RETURN_TYPE = YES_ERROR;
				GCC_WARN_UNDECLARED_SELECTOR = YES;
				GCC_WARN_UNINITIALIZED_AUTOS = YES_AGGRESSIVE;
				GCC_WARN_UNUSED_FUNCTION = YES;
				GCC_WARN_UNUSED_VARIABLE = YES;
				IPHONEOS_DEPLOYMENT_TARGET = 14.2;
				MTL_ENABLE_DEBUG_INFO = INCLUDE_SOURCE;
				MTL_FAST_MATH = YES;
				ONLY_ACTIVE_ARCH = YES;
				SDKROOT = iphoneos;
				SWIFT_ACTIVE_COMPILATION_CONDITIONS = DEBUG;
				SWIFT_OPTIMIZATION_LEVEL = "-Onone";
			};
			name = Debug;
		};
		8E20DACD256F13B800AB8935 /* Release */ = {
			isa = XCBuildConfiguration;
			buildSettings = {
				ALWAYS_SEARCH_USER_PATHS = NO;
				CLANG_ANALYZER_NONNULL = YES;
				CLANG_ANALYZER_NUMBER_OBJECT_CONVERSION = YES_AGGRESSIVE;
				CLANG_CXX_LANGUAGE_STANDARD = "gnu++14";
				CLANG_CXX_LIBRARY = "libc++";
				CLANG_ENABLE_MODULES = YES;
				CLANG_ENABLE_OBJC_ARC = YES;
				CLANG_ENABLE_OBJC_WEAK = YES;
				CLANG_WARN_BLOCK_CAPTURE_AUTORELEASING = YES;
				CLANG_WARN_BOOL_CONVERSION = YES;
				CLANG_WARN_COMMA = YES;
				CLANG_WARN_CONSTANT_CONVERSION = YES;
				CLANG_WARN_DEPRECATED_OBJC_IMPLEMENTATIONS = YES;
				CLANG_WARN_DIRECT_OBJC_ISA_USAGE = YES_ERROR;
				CLANG_WARN_DOCUMENTATION_COMMENTS = YES;
				CLANG_WARN_EMPTY_BODY = YES;
				CLANG_WARN_ENUM_CONVERSION = YES;
				CLANG_WARN_INFINITE_RECURSION = YES;
				CLANG_WARN_INT_CONVERSION = YES;
				CLANG_WARN_NON_LITERAL_NULL_CONVERSION = YES;
				CLANG_WARN_OBJC_IMPLICIT_RETAIN_SELF = YES;
				CLANG_WARN_OBJC_LITERAL_CONVERSION = YES;
				CLANG_WARN_OBJC_ROOT_CLASS = YES_ERROR;
				CLANG_WARN_QUOTED_INCLUDE_IN_FRAMEWORK_HEADER = YES;
				CLANG_WARN_RANGE_LOOP_ANALYSIS = YES;
				CLANG_WARN_STRICT_PROTOTYPES = YES;
				CLANG_WARN_SUSPICIOUS_MOVE = YES;
				CLANG_WARN_UNGUARDED_AVAILABILITY = YES_AGGRESSIVE;
				CLANG_WARN_UNREACHABLE_CODE = YES;
				CLANG_WARN__DUPLICATE_METHOD_MATCH = YES;
				COPY_PHASE_STRIP = NO;
				DEBUG_INFORMATION_FORMAT = "dwarf-with-dsym";
				ENABLE_NS_ASSERTIONS = NO;
				ENABLE_STRICT_OBJC_MSGSEND = YES;
				GCC_C_LANGUAGE_STANDARD = gnu11;
				GCC_NO_COMMON_BLOCKS = YES;
				GCC_WARN_64_TO_32_BIT_CONVERSION = YES;
				GCC_WARN_ABOUT_RETURN_TYPE = YES_ERROR;
				GCC_WARN_UNDECLARED_SELECTOR = YES;
				GCC_WARN_UNINITIALIZED_AUTOS = YES_AGGRESSIVE;
				GCC_WARN_UNUSED_FUNCTION = YES;
				GCC_WARN_UNUSED_VARIABLE = YES;
				IPHONEOS_DEPLOYMENT_TARGET = 14.2;
				MTL_ENABLE_DEBUG_INFO = NO;
				MTL_FAST_MATH = YES;
				SDKROOT = iphoneos;
				SWIFT_COMPILATION_MODE = wholemodule;
				SWIFT_OPTIMIZATION_LEVEL = "-O";
				VALIDATE_PRODUCT = YES;
			};
			name = Release;
		};
		8E20DACF256F13B800AB8935 /* Debug */ = {
			isa = XCBuildConfiguration;
			buildSettings = {
				ASSETCATALOG_COMPILER_APPICON_NAME = AppIcon;
				ASSETCATALOG_COMPILER_GLOBAL_ACCENT_COLOR_NAME = AccentColor;
				CODE_SIGN_STYLE = Automatic;
				DEVELOPMENT_TEAM = 3R4379KLS7;
				INFOPLIST_FILE = AppleFeed/Info.plist;
				LD_RUNPATH_SEARCH_PATHS = (
					"$(inherited)",
					"@executable_path/Frameworks",
				);
				PRODUCT_BUNDLE_IDENTIFIER = com.anatolii.home.AppleFeed;
				PRODUCT_NAME = "$(TARGET_NAME)";
				SWIFT_VERSION = 5.0;
				TARGETED_DEVICE_FAMILY = "1,2";
			};
			name = Debug;
		};
		8E20DAD0256F13B800AB8935 /* Release */ = {
			isa = XCBuildConfiguration;
			buildSettings = {
				ASSETCATALOG_COMPILER_APPICON_NAME = AppIcon;
				ASSETCATALOG_COMPILER_GLOBAL_ACCENT_COLOR_NAME = AccentColor;
				CODE_SIGN_STYLE = Automatic;
				DEVELOPMENT_TEAM = 3R4379KLS7;
				INFOPLIST_FILE = AppleFeed/Info.plist;
				LD_RUNPATH_SEARCH_PATHS = (
					"$(inherited)",
					"@executable_path/Frameworks",
				);
				PRODUCT_BUNDLE_IDENTIFIER = com.anatolii.home.AppleFeed;
				PRODUCT_NAME = "$(TARGET_NAME)";
				SWIFT_VERSION = 5.0;
				TARGETED_DEVICE_FAMILY = "1,2";
			};
			name = Release;
		};
/* End XCBuildConfiguration section */

/* Begin XCConfigurationList section */
		8E20DAB5256F13B600AB8935 /* Build configuration list for PBXProject "AppleFeed" */ = {
			isa = XCConfigurationList;
			buildConfigurations = (
				8E20DACC256F13B800AB8935 /* Debug */,
				8E20DACD256F13B800AB8935 /* Release */,
			);
			defaultConfigurationIsVisible = 0;
			defaultConfigurationName = Release;
		};
		8E20DACE256F13B800AB8935 /* Build configuration list for PBXNativeTarget "AppleFeed" */ = {
			isa = XCConfigurationList;
			buildConfigurations = (
				8E20DACF256F13B800AB8935 /* Debug */,
				8E20DAD0256F13B800AB8935 /* Release */,
			);
			defaultConfigurationIsVisible = 0;
			defaultConfigurationName = Release;
		};
/* End XCConfigurationList section */

/* Begin XCRemoteSwiftPackageReference section */
		8E20DAE6256F14BB00AB8935 /* XCRemoteSwiftPackageReference "Alamofire" */ = {
			isa = XCRemoteSwiftPackageReference;
			repositoryURL = "https://github.com/Alamofire/Alamofire.git";
			requirement = {
				kind = upToNextMajorVersion;
				minimumVersion = 5.4.0;
			};
		};
		8E20DAEA256F153D00AB8935 /* XCRemoteSwiftPackageReference "XMLCoder" */ = {
			isa = XCRemoteSwiftPackageReference;
			repositoryURL = "https://github.com/MaxDesiatov/XMLCoder.git";
			requirement = {
				kind = upToNextMajorVersion;
				minimumVersion = 0.11.1;
			};
		};
		8E20DB032570375000AB8935 /* XCRemoteSwiftPackageReference "SnapKit" */ = {
			isa = XCRemoteSwiftPackageReference;
			repositoryURL = "https://github.com/SnapKit/SnapKit.git";
			requirement = {
				kind = upToNextMajorVersion;
				minimumVersion = 5.0.1;
			};
		};
/* End XCRemoteSwiftPackageReference section */

/* Begin XCSwiftPackageProductDependency section */
		8E20DAE7256F14BB00AB8935 /* Alamofire */ = {
			isa = XCSwiftPackageProductDependency;
			package = 8E20DAE6256F14BB00AB8935 /* XCRemoteSwiftPackageReference "Alamofire" */;
			productName = Alamofire;
		};
		8E20DAEB256F153D00AB8935 /* XMLCoder */ = {
			isa = XCSwiftPackageProductDependency;
			package = 8E20DAEA256F153D00AB8935 /* XCRemoteSwiftPackageReference "XMLCoder" */;
			productName = XMLCoder;
		};
		8E20DB042570375000AB8935 /* SnapKit */ = {
			isa = XCSwiftPackageProductDependency;
			package = 8E20DB032570375000AB8935 /* XCRemoteSwiftPackageReference "SnapKit" */;
			productName = SnapKit;
		};
/* End XCSwiftPackageProductDependency section */
	};
	rootObject = 8E20DAB2256F13B600AB8935 /* Project object */;
}
